// !$*UTF8*$!
{
	archiveVersion = 1;
	classes = {
	};
	objectVersion = 56;
	objects = {

/* Begin PBXBuildFile section */
		A0AECAC62C96302F0012191B /* MyAvionApp.swift in Sources */ = {isa = PBXBuildFile; fileRef = A0AECAC52C96302F0012191B /* MyAvionApp.swift */; };
		A0AECAC82C96302F0012191B /* ContentView.swift in Sources */ = {isa = PBXBuildFile; fileRef = A0AECAC72C96302F0012191B /* ContentView.swift */; };
		A0AECACA2C9630300012191B /* Assets.xcassets in Resources */ = {isa = PBXBuildFile; fileRef = A0AECAC92C9630300012191B /* Assets.xcassets */; };
		A0AECACD2C9630300012191B /* Preview Assets.xcassets in Resources */ = {isa = PBXBuildFile; fileRef = A0AECACC2C9630300012191B /* Preview Assets.xcassets */; };
		A0AECAD72C9630300012191B /* MyAvionTests.swift in Sources */ = {isa = PBXBuildFile; fileRef = A0AECAD62C9630300012191B /* MyAvionTests.swift */; };
		A0AECAE12C9630300012191B /* MyAvionUITests.swift in Sources */ = {isa = PBXBuildFile; fileRef = A0AECAE02C9630300012191B /* MyAvionUITests.swift */; };
		A0AECAE32C9630300012191B /* MyAvionUITestsLaunchTests.swift in Sources */ = {isa = PBXBuildFile; fileRef = A0AECAE22C9630300012191B /* MyAvionUITestsLaunchTests.swift */; };
		A0AECAF52C9630C40012191B /* HomeView.swift in Sources */ = {isa = PBXBuildFile; fileRef = A0AECAF42C9630C40012191B /* HomeView.swift */; };
		A0AECAF72C9630CE0012191B /* OfferView.swift in Sources */ = {isa = PBXBuildFile; fileRef = A0AECAF62C9630CE0012191B /* OfferView.swift */; };
		A0AECAF92C9630F90012191B /* ExploreView.swift in Sources */ = {isa = PBXBuildFile; fileRef = A0AECAF82C9630F90012191B /* ExploreView.swift */; };
		A0AECAFC2C9631160012191B /* MapView.swift in Sources */ = {isa = PBXBuildFile; fileRef = A0AECAFB2C9631160012191B /* MapView.swift */; };
		A0AECAFE2C96316F0012191B /* MapViewModel.swift in Sources */ = {isa = PBXBuildFile; fileRef = A0AECAFD2C96316F0012191B /* MapViewModel.swift */; };
		A0AECB002C9631900012191B /* Location.swift in Sources */ = {isa = PBXBuildFile; fileRef = A0AECAFF2C9631900012191B /* Location.swift */; };
		A0AECB022C9633860012191B /* CompanyView.swift in Sources */ = {isa = PBXBuildFile; fileRef = A0AECB012C9633860012191B /* CompanyView.swift */; };
		A0AECB042C9641170012191B /* GoogleService-Info.plist in Resources */ = {isa = PBXBuildFile; fileRef = A0AECB032C9641170012191B /* GoogleService-Info.plist */; };
		A0AECB072C964C090012191B /* FirebaseAppCheck in Frameworks */ = {isa = PBXBuildFile; productRef = A0AECB062C964C090012191B /* FirebaseAppCheck */; };
		A0AECB092C964C090012191B /* FirebaseAuth in Frameworks */ = {isa = PBXBuildFile; productRef = A0AECB082C964C090012191B /* FirebaseAuth */; };
		A0AECB0B2C964C090012191B /* FirebaseFirestore in Frameworks */ = {isa = PBXBuildFile; productRef = A0AECB0A2C964C090012191B /* FirebaseFirestore */; };
		A0AECB0D2C964C090012191B /* FirebaseFirestoreCombine-Community in Frameworks */ = {isa = PBXBuildFile; productRef = A0AECB0C2C964C090012191B /* FirebaseFirestoreCombine-Community */; };
		A0AECB0F2C964CBC0012191B /* DataManager.swift in Sources */ = {isa = PBXBuildFile; fileRef = A0AECB0E2C964CBC0012191B /* DataManager.swift */; };
		A0AECB112C964E2D0012191B /* Company.swift in Sources */ = {isa = PBXBuildFile; fileRef = A0AECB102C964E2D0012191B /* Company.swift */; };
		A0AECB132C9653510012191B /* TestView.swift in Sources */ = {isa = PBXBuildFile; fileRef = A0AECB122C9653510012191B /* TestView.swift */; };
		A0AECB152C96740B0012191B /* LoginView.swift in Sources */ = {isa = PBXBuildFile; fileRef = A0AECB142C96740B0012191B /* LoginView.swift */; };
		A0AECB172C9674220012191B /* LoginViewModel.swift in Sources */ = {isa = PBXBuildFile; fileRef = A0AECB162C9674220012191B /* LoginViewModel.swift */; };
		A0AECB192C9677850012191B /* SignUpView.swift in Sources */ = {isa = PBXBuildFile; fileRef = A0AECB182C9677850012191B /* SignUpView.swift */; };
		A0AECB1D2C9699AC0012191B /* RBCManager.swift in Sources */ = {isa = PBXBuildFile; fileRef = A0AECB1C2C9699AC0012191B /* RBCManager.swift */; };
		A0AECB1F2C9699F20012191B /* Keys.swift in Sources */ = {isa = PBXBuildFile; fileRef = A0AECB1E2C9699F20012191B /* Keys.swift */; };
		A0AECB232C969E130012191B /* IdConnection.swift in Sources */ = {isa = PBXBuildFile; fileRef = A0AECB222C969E130012191B /* IdConnection.swift */; };
		A0AECB272C96CE690012191B /* NominationView.swift in Sources */ = {isa = PBXBuildFile; fileRef = A0AECB262C96CE690012191B /* NominationView.swift */; };
		A0AECB2B2C96CEAC0012191B /* NominationViewModel.swift in Sources */ = {isa = PBXBuildFile; fileRef = A0AECB2A2C96CEAC0012191B /* NominationViewModel.swift */; };
		A0AECB2D2C96CF520012191B /* Modifiers.swift in Sources */ = {isa = PBXBuildFile; fileRef = A0AECB2C2C96CF520012191B /* Modifiers.swift */; };
		A0AECB2F2C96D3B90012191B /* NominateCompanyListView.swift in Sources */ = {isa = PBXBuildFile; fileRef = A0AECB2E2C96D3B90012191B /* NominateCompanyListView.swift */; };
/* End PBXBuildFile section */

/* Begin PBXContainerItemProxy section */
		A0AECAD32C9630300012191B /* PBXContainerItemProxy */ = {
			isa = PBXContainerItemProxy;
			containerPortal = A0AECABA2C96302F0012191B /* Project object */;
			proxyType = 1;
			remoteGlobalIDString = A0AECAC12C96302F0012191B;
			remoteInfo = MyAvion;
		};
		A0AECADD2C9630300012191B /* PBXContainerItemProxy */ = {
			isa = PBXContainerItemProxy;
			containerPortal = A0AECABA2C96302F0012191B /* Project object */;
			proxyType = 1;
			remoteGlobalIDString = A0AECAC12C96302F0012191B;
			remoteInfo = MyAvion;
		};
/* End PBXContainerItemProxy section */

/* Begin PBXFileReference section */
		A0AECAC22C96302F0012191B /* MyAvion.app */ = {isa = PBXFileReference; explicitFileType = wrapper.application; includeInIndex = 0; path = MyAvion.app; sourceTree = BUILT_PRODUCTS_DIR; };
		A0AECAC52C96302F0012191B /* MyAvionApp.swift */ = {isa = PBXFileReference; lastKnownFileType = sourcecode.swift; path = MyAvionApp.swift; sourceTree = "<group>"; };
		A0AECAC72C96302F0012191B /* ContentView.swift */ = {isa = PBXFileReference; lastKnownFileType = sourcecode.swift; path = ContentView.swift; sourceTree = "<group>"; };
		A0AECAC92C9630300012191B /* Assets.xcassets */ = {isa = PBXFileReference; lastKnownFileType = folder.assetcatalog; path = Assets.xcassets; sourceTree = "<group>"; };
		A0AECACC2C9630300012191B /* Preview Assets.xcassets */ = {isa = PBXFileReference; lastKnownFileType = folder.assetcatalog; path = "Preview Assets.xcassets"; sourceTree = "<group>"; };
		A0AECAD22C9630300012191B /* MyAvionTests.xctest */ = {isa = PBXFileReference; explicitFileType = wrapper.cfbundle; includeInIndex = 0; path = MyAvionTests.xctest; sourceTree = BUILT_PRODUCTS_DIR; };
		A0AECAD62C9630300012191B /* MyAvionTests.swift */ = {isa = PBXFileReference; lastKnownFileType = sourcecode.swift; path = MyAvionTests.swift; sourceTree = "<group>"; };
		A0AECADC2C9630300012191B /* MyAvionUITests.xctest */ = {isa = PBXFileReference; explicitFileType = wrapper.cfbundle; includeInIndex = 0; path = MyAvionUITests.xctest; sourceTree = BUILT_PRODUCTS_DIR; };
		A0AECAE02C9630300012191B /* MyAvionUITests.swift */ = {isa = PBXFileReference; lastKnownFileType = sourcecode.swift; path = MyAvionUITests.swift; sourceTree = "<group>"; };
		A0AECAE22C9630300012191B /* MyAvionUITestsLaunchTests.swift */ = {isa = PBXFileReference; lastKnownFileType = sourcecode.swift; path = MyAvionUITestsLaunchTests.swift; sourceTree = "<group>"; };
		A0AECAF42C9630C40012191B /* HomeView.swift */ = {isa = PBXFileReference; lastKnownFileType = sourcecode.swift; path = HomeView.swift; sourceTree = "<group>"; };
		A0AECAF62C9630CE0012191B /* OfferView.swift */ = {isa = PBXFileReference; lastKnownFileType = sourcecode.swift; path = OfferView.swift; sourceTree = "<group>"; };
		A0AECAF82C9630F90012191B /* ExploreView.swift */ = {isa = PBXFileReference; lastKnownFileType = sourcecode.swift; path = ExploreView.swift; sourceTree = "<group>"; };
		A0AECAFB2C9631160012191B /* MapView.swift */ = {isa = PBXFileReference; lastKnownFileType = sourcecode.swift; path = MapView.swift; sourceTree = "<group>"; };
		A0AECAFD2C96316F0012191B /* MapViewModel.swift */ = {isa = PBXFileReference; lastKnownFileType = sourcecode.swift; path = MapViewModel.swift; sourceTree = "<group>"; };
		A0AECAFF2C9631900012191B /* Location.swift */ = {isa = PBXFileReference; lastKnownFileType = sourcecode.swift; path = Location.swift; sourceTree = "<group>"; };
		A0AECB012C9633860012191B /* CompanyView.swift */ = {isa = PBXFileReference; lastKnownFileType = sourcecode.swift; path = CompanyView.swift; sourceTree = "<group>"; };
		A0AECB032C9641170012191B /* GoogleService-Info.plist */ = {isa = PBXFileReference; fileEncoding = 4; lastKnownFileType = text.plist.xml; path = "GoogleService-Info.plist"; sourceTree = "<group>"; };
		A0AECB0E2C964CBC0012191B /* DataManager.swift */ = {isa = PBXFileReference; lastKnownFileType = sourcecode.swift; path = DataManager.swift; sourceTree = "<group>"; };
		A0AECB102C964E2D0012191B /* Company.swift */ = {isa = PBXFileReference; lastKnownFileType = sourcecode.swift; path = Company.swift; sourceTree = "<group>"; };
		A0AECB122C9653510012191B /* TestView.swift */ = {isa = PBXFileReference; lastKnownFileType = sourcecode.swift; path = TestView.swift; sourceTree = "<group>"; };
		A0AECB142C96740B0012191B /* LoginView.swift */ = {isa = PBXFileReference; lastKnownFileType = sourcecode.swift; path = LoginView.swift; sourceTree = "<group>"; };
		A0AECB162C9674220012191B /* LoginViewModel.swift */ = {isa = PBXFileReference; lastKnownFileType = sourcecode.swift; path = LoginViewModel.swift; sourceTree = "<group>"; };
		A0AECB182C9677850012191B /* SignUpView.swift */ = {isa = PBXFileReference; lastKnownFileType = sourcecode.swift; path = SignUpView.swift; sourceTree = "<group>"; };
		A0AECB1C2C9699AC0012191B /* RBCManager.swift */ = {isa = PBXFileReference; lastKnownFileType = sourcecode.swift; path = RBCManager.swift; sourceTree = "<group>"; };
		A0AECB1E2C9699F20012191B /* Keys.swift */ = {isa = PBXFileReference; lastKnownFileType = sourcecode.swift; path = Keys.swift; sourceTree = "<group>"; };
		A0AECB222C969E130012191B /* IdConnection.swift */ = {isa = PBXFileReference; lastKnownFileType = sourcecode.swift; path = IdConnection.swift; sourceTree = "<group>"; };
		A0AECB262C96CE690012191B /* NominationView.swift */ = {isa = PBXFileReference; lastKnownFileType = sourcecode.swift; path = NominationView.swift; sourceTree = "<group>"; };
		A0AECB2A2C96CEAC0012191B /* NominationViewModel.swift */ = {isa = PBXFileReference; lastKnownFileType = sourcecode.swift; path = NominationViewModel.swift; sourceTree = "<group>"; };
		A0AECB2C2C96CF520012191B /* Modifiers.swift */ = {isa = PBXFileReference; lastKnownFileType = sourcecode.swift; path = Modifiers.swift; sourceTree = "<group>"; };
		A0AECB2E2C96D3B90012191B /* NominateCompanyListView.swift */ = {isa = PBXFileReference; lastKnownFileType = sourcecode.swift; path = NominateCompanyListView.swift; sourceTree = "<group>"; };
/* End PBXFileReference section */

/* Begin PBXFrameworksBuildPhase section */
		A0AECABF2C96302F0012191B /* Frameworks */ = {
			isa = PBXFrameworksBuildPhase;
			buildActionMask = 2147483647;
			files = (
				A0AECB072C964C090012191B /* FirebaseAppCheck in Frameworks */,
				A0AECB0D2C964C090012191B /* FirebaseFirestoreCombine-Community in Frameworks */,
				A0AECB092C964C090012191B /* FirebaseAuth in Frameworks */,
				A0AECB0B2C964C090012191B /* FirebaseFirestore in Frameworks */,
			);
			runOnlyForDeploymentPostprocessing = 0;
		};
		A0AECACF2C9630300012191B /* Frameworks */ = {
			isa = PBXFrameworksBuildPhase;
			buildActionMask = 2147483647;
			files = (
			);
			runOnlyForDeploymentPostprocessing = 0;
		};
		A0AECAD92C9630300012191B /* Frameworks */ = {
			isa = PBXFrameworksBuildPhase;
			buildActionMask = 2147483647;
			files = (
			);
			runOnlyForDeploymentPostprocessing = 0;
		};
/* End PBXFrameworksBuildPhase section */

/* Begin PBXGroup section */
		A0AECAB92C96302F0012191B = {
			isa = PBXGroup;
			children = (
				A0AECAC42C96302F0012191B /* MyAvion */,
				A0AECAD52C9630300012191B /* MyAvionTests */,
				A0AECADF2C9630300012191B /* MyAvionUITests */,
				A0AECAC32C96302F0012191B /* Products */,
			);
			sourceTree = "<group>";
		};
		A0AECAC32C96302F0012191B /* Products */ = {
			isa = PBXGroup;
			children = (
				A0AECAC22C96302F0012191B /* MyAvion.app */,
				A0AECAD22C9630300012191B /* MyAvionTests.xctest */,
				A0AECADC2C9630300012191B /* MyAvionUITests.xctest */,
			);
			name = Products;
			sourceTree = "<group>";
		};
		A0AECAC42C96302F0012191B /* MyAvion */ = {
			isa = PBXGroup;
			children = (
				A0AECAF12C96309C0012191B /* Views */,
				A0AECAF02C9630960012191B /* ViewModels */,
				A0AECAEF2C9630920012191B /* Models */,
				A0AECAC52C96302F0012191B /* MyAvionApp.swift */,
				A0AECB0E2C964CBC0012191B /* DataManager.swift */,
				A0AECB1C2C9699AC0012191B /* RBCManager.swift */,
				A0AECB2C2C96CF520012191B /* Modifiers.swift */,
				A0AECB1E2C9699F20012191B /* Keys.swift */,
				A0AECAC92C9630300012191B /* Assets.xcassets */,
				A0AECB032C9641170012191B /* GoogleService-Info.plist */,
				A0AECACB2C9630300012191B /* Preview Content */,
			);
			path = MyAvion;
			sourceTree = "<group>";
		};
		A0AECACB2C9630300012191B /* Preview Content */ = {
			isa = PBXGroup;
			children = (
				A0AECACC2C9630300012191B /* Preview Assets.xcassets */,
			);
			path = "Preview Content";
			sourceTree = "<group>";
		};
		A0AECAD52C9630300012191B /* MyAvionTests */ = {
			isa = PBXGroup;
			children = (
				A0AECAD62C9630300012191B /* MyAvionTests.swift */,
			);
			path = MyAvionTests;
			sourceTree = "<group>";
		};
		A0AECADF2C9630300012191B /* MyAvionUITests */ = {
			isa = PBXGroup;
			children = (
				A0AECAE02C9630300012191B /* MyAvionUITests.swift */,
				A0AECAE22C9630300012191B /* MyAvionUITestsLaunchTests.swift */,
			);
			path = MyAvionUITests;
			sourceTree = "<group>";
		};
		A0AECAEF2C9630920012191B /* Models */ = {
			isa = PBXGroup;
			children = (
				A0AECAFF2C9631900012191B /* Location.swift */,
				A0AECB102C964E2D0012191B /* Company.swift */,
				A0AECB222C969E130012191B /* IdConnection.swift */,
			);
			path = Models;
			sourceTree = "<group>";
		};
		A0AECAF02C9630960012191B /* ViewModels */ = {
			isa = PBXGroup;
			children = (
				A0AECAFD2C96316F0012191B /* MapViewModel.swift */,
				A0AECB162C9674220012191B /* LoginViewModel.swift */,
				A0AECB2A2C96CEAC0012191B /* NominationViewModel.swift */,
			);
			path = ViewModels;
			sourceTree = "<group>";
		};
		A0AECAF12C96309C0012191B /* Views */ = {
			isa = PBXGroup;
			children = (
				A0AECAC72C96302F0012191B /* ContentView.swift */,
				A0AECB142C96740B0012191B /* LoginView.swift */,
				A0AECB182C9677850012191B /* SignUpView.swift */,
				A0AECAF32C9630BE0012191B /* Home */,
				A0AECAF22C9630B80012191B /* Explore */,
			);
			path = Views;
			sourceTree = "<group>";
		};
		A0AECAF22C9630B80012191B /* Explore */ = {
			isa = PBXGroup;
			children = (
				A0AECAF82C9630F90012191B /* ExploreView.swift */,
			);
			path = Explore;
			sourceTree = "<group>";
		};
		A0AECAF32C9630BE0012191B /* Home */ = {
			isa = PBXGroup;
			children = (
				A0AECAFA2C96310B0012191B /* MapView */,
				A0AECAF42C9630C40012191B /* HomeView.swift */,
				A0AECB262C96CE690012191B /* NominationView.swift */,
				A0AECB2E2C96D3B90012191B /* NominateCompanyListView.swift */,
				A0AECAF62C9630CE0012191B /* OfferView.swift */,
			);
			path = Home;
			sourceTree = "<group>";
		};
		A0AECAFA2C96310B0012191B /* MapView */ = {
			isa = PBXGroup;
			children = (
				A0AECAFB2C9631160012191B /* MapView.swift */,
				A0AECB012C9633860012191B /* CompanyView.swift */,
				A0AECB122C9653510012191B /* TestView.swift */,
			);
			path = MapView;
			sourceTree = "<group>";
		};
/* End PBXGroup section */

/* Begin PBXNativeTarget section */
		A0AECAC12C96302F0012191B /* MyAvion */ = {
			isa = PBXNativeTarget;
			buildConfigurationList = A0AECAE62C9630300012191B /* Build configuration list for PBXNativeTarget "MyAvion" */;
			buildPhases = (
				A0AECABE2C96302F0012191B /* Sources */,
				A0AECABF2C96302F0012191B /* Frameworks */,
				A0AECAC02C96302F0012191B /* Resources */,
			);
			buildRules = (
			);
			dependencies = (
			);
			name = MyAvion;
			packageProductDependencies = (
				A0AECB062C964C090012191B /* FirebaseAppCheck */,
				A0AECB082C964C090012191B /* FirebaseAuth */,
				A0AECB0A2C964C090012191B /* FirebaseFirestore */,
				A0AECB0C2C964C090012191B /* FirebaseFirestoreCombine-Community */,
			);
			productName = MyAvion;
			productReference = A0AECAC22C96302F0012191B /* MyAvion.app */;
			productType = "com.apple.product-type.application";
		};
		A0AECAD12C9630300012191B /* MyAvionTests */ = {
			isa = PBXNativeTarget;
			buildConfigurationList = A0AECAE92C9630300012191B /* Build configuration list for PBXNativeTarget "MyAvionTests" */;
			buildPhases = (
				A0AECACE2C9630300012191B /* Sources */,
				A0AECACF2C9630300012191B /* Frameworks */,
				A0AECAD02C9630300012191B /* Resources */,
			);
			buildRules = (
			);
			dependencies = (
				A0AECAD42C9630300012191B /* PBXTargetDependency */,
			);
			name = MyAvionTests;
			productName = MyAvionTests;
			productReference = A0AECAD22C9630300012191B /* MyAvionTests.xctest */;
			productType = "com.apple.product-type.bundle.unit-test";
		};
		A0AECADB2C9630300012191B /* MyAvionUITests */ = {
			isa = PBXNativeTarget;
			buildConfigurationList = A0AECAEC2C9630300012191B /* Build configuration list for PBXNativeTarget "MyAvionUITests" */;
			buildPhases = (
				A0AECAD82C9630300012191B /* Sources */,
				A0AECAD92C9630300012191B /* Frameworks */,
				A0AECADA2C9630300012191B /* Resources */,
			);
			buildRules = (
			);
			dependencies = (
				A0AECADE2C9630300012191B /* PBXTargetDependency */,
			);
			name = MyAvionUITests;
			productName = MyAvionUITests;
			productReference = A0AECADC2C9630300012191B /* MyAvionUITests.xctest */;
			productType = "com.apple.product-type.bundle.ui-testing";
		};
/* End PBXNativeTarget section */

/* Begin PBXProject section */
		A0AECABA2C96302F0012191B /* Project object */ = {
			isa = PBXProject;
			attributes = {
				BuildIndependentTargetsInParallel = 1;
				LastSwiftUpdateCheck = 1540;
				LastUpgradeCheck = 1540;
				TargetAttributes = {
					A0AECAC12C96302F0012191B = {
						CreatedOnToolsVersion = 15.4;
					};
					A0AECAD12C9630300012191B = {
						CreatedOnToolsVersion = 15.4;
						TestTargetID = A0AECAC12C96302F0012191B;
					};
					A0AECADB2C9630300012191B = {
						CreatedOnToolsVersion = 15.4;
						TestTargetID = A0AECAC12C96302F0012191B;
					};
				};
			};
			buildConfigurationList = A0AECABD2C96302F0012191B /* Build configuration list for PBXProject "MyAvion" */;
			compatibilityVersion = "Xcode 14.0";
			developmentRegion = en;
			hasScannedForEncodings = 0;
			knownRegions = (
				en,
				Base,
			);
			mainGroup = A0AECAB92C96302F0012191B;
			packageReferences = (
				A0AECB052C964C090012191B /* XCRemoteSwiftPackageReference "firebase-ios-sdk" */,
			);
			productRefGroup = A0AECAC32C96302F0012191B /* Products */;
			projectDirPath = "";
			projectRoot = "";
			targets = (
				A0AECAC12C96302F0012191B /* MyAvion */,
				A0AECAD12C9630300012191B /* MyAvionTests */,
				A0AECADB2C9630300012191B /* MyAvionUITests */,
			);
		};
/* End PBXProject section */

/* Begin PBXResourcesBuildPhase section */
		A0AECAC02C96302F0012191B /* Resources */ = {
			isa = PBXResourcesBuildPhase;
			buildActionMask = 2147483647;
			files = (
				A0AECACD2C9630300012191B /* Preview Assets.xcassets in Resources */,
				A0AECACA2C9630300012191B /* Assets.xcassets in Resources */,
				A0AECB042C9641170012191B /* GoogleService-Info.plist in Resources */,
			);
			runOnlyForDeploymentPostprocessing = 0;
		};
		A0AECAD02C9630300012191B /* Resources */ = {
			isa = PBXResourcesBuildPhase;
			buildActionMask = 2147483647;
			files = (
			);
			runOnlyForDeploymentPostprocessing = 0;
		};
		A0AECADA2C9630300012191B /* Resources */ = {
			isa = PBXResourcesBuildPhase;
			buildActionMask = 2147483647;
			files = (
			);
			runOnlyForDeploymentPostprocessing = 0;
		};
/* End PBXResourcesBuildPhase section */

/* Begin PBXSourcesBuildPhase section */
		A0AECABE2C96302F0012191B /* Sources */ = {
			isa = PBXSourcesBuildPhase;
			buildActionMask = 2147483647;
			files = (
				A0AECB132C9653510012191B /* TestView.swift in Sources */,
				A0AECB1F2C9699F20012191B /* Keys.swift in Sources */,
				A0AECB192C9677850012191B /* SignUpView.swift in Sources */,
				A0AECAF52C9630C40012191B /* HomeView.swift in Sources */,
				A0AECB0F2C964CBC0012191B /* DataManager.swift in Sources */,
				A0AECAFC2C9631160012191B /* MapView.swift in Sources */,
				A0AECB232C969E130012191B /* IdConnection.swift in Sources */,
				A0AECB002C9631900012191B /* Location.swift in Sources */,
				A0AECB272C96CE690012191B /* NominationView.swift in Sources */,
				A0AECAC82C96302F0012191B /* ContentView.swift in Sources */,
				A0AECB172C9674220012191B /* LoginViewModel.swift in Sources */,
				A0AECAC62C96302F0012191B /* MyAvionApp.swift in Sources */,
				A0AECAFE2C96316F0012191B /* MapViewModel.swift in Sources */,
				A0AECB112C964E2D0012191B /* Company.swift in Sources */,
				A0AECAF72C9630CE0012191B /* OfferView.swift in Sources */,
				A0AECB2F2C96D3B90012191B /* NominateCompanyListView.swift in Sources */,
				A0AECB152C96740B0012191B /* LoginView.swift in Sources */,
				A0AECB2D2C96CF520012191B /* Modifiers.swift in Sources */,
				A0AECB2B2C96CEAC0012191B /* NominationViewModel.swift in Sources */,
				A0AECB1D2C9699AC0012191B /* RBCManager.swift in Sources */,
				A0AECAF92C9630F90012191B /* ExploreView.swift in Sources */,
				A0AECB022C9633860012191B /* CompanyView.swift in Sources */,
			);
			runOnlyForDeploymentPostprocessing = 0;
		};
		A0AECACE2C9630300012191B /* Sources */ = {
			isa = PBXSourcesBuildPhase;
			buildActionMask = 2147483647;
			files = (
				A0AECAD72C9630300012191B /* MyAvionTests.swift in Sources */,
			);
			runOnlyForDeploymentPostprocessing = 0;
		};
		A0AECAD82C9630300012191B /* Sources */ = {
			isa = PBXSourcesBuildPhase;
			buildActionMask = 2147483647;
			files = (
				A0AECAE32C9630300012191B /* MyAvionUITestsLaunchTests.swift in Sources */,
				A0AECAE12C9630300012191B /* MyAvionUITests.swift in Sources */,
			);
			runOnlyForDeploymentPostprocessing = 0;
		};
/* End PBXSourcesBuildPhase section */

/* Begin PBXTargetDependency section */
		A0AECAD42C9630300012191B /* PBXTargetDependency */ = {
			isa = PBXTargetDependency;
			target = A0AECAC12C96302F0012191B /* MyAvion */;
			targetProxy = A0AECAD32C9630300012191B /* PBXContainerItemProxy */;
		};
		A0AECADE2C9630300012191B /* PBXTargetDependency */ = {
			isa = PBXTargetDependency;
			target = A0AECAC12C96302F0012191B /* MyAvion */;
			targetProxy = A0AECADD2C9630300012191B /* PBXContainerItemProxy */;
		};
/* End PBXTargetDependency section */

/* Begin XCBuildConfiguration section */
		A0AECAE42C9630300012191B /* Debug */ = {
			isa = XCBuildConfiguration;
			buildSettings = {
				ALWAYS_SEARCH_USER_PATHS = NO;
				ASSETCATALOG_COMPILER_GENERATE_SWIFT_ASSET_SYMBOL_EXTENSIONS = YES;
				CLANG_ANALYZER_NONNULL = YES;
				CLANG_ANALYZER_NUMBER_OBJECT_CONVERSION = YES_AGGRESSIVE;
				CLANG_CXX_LANGUAGE_STANDARD = "gnu++20";
				CLANG_ENABLE_MODULES = YES;
				CLANG_ENABLE_OBJC_ARC = YES;
				CLANG_ENABLE_OBJC_WEAK = YES;
				CLANG_WARN_BLOCK_CAPTURE_AUTORELEASING = YES;
				CLANG_WARN_BOOL_CONVERSION = YES;
				CLANG_WARN_COMMA = YES;
				CLANG_WARN_CONSTANT_CONVERSION = YES;
				CLANG_WARN_DEPRECATED_OBJC_IMPLEMENTATIONS = YES;
				CLANG_WARN_DIRECT_OBJC_ISA_USAGE = YES_ERROR;
				CLANG_WARN_DOCUMENTATION_COMMENTS = YES;
				CLANG_WARN_EMPTY_BODY = YES;
				CLANG_WARN_ENUM_CONVERSION = YES;
				CLANG_WARN_INFINITE_RECURSION = YES;
				CLANG_WARN_INT_CONVERSION = YES;
				CLANG_WARN_NON_LITERAL_NULL_CONVERSION = YES;
				CLANG_WARN_OBJC_IMPLICIT_RETAIN_SELF = YES;
				CLANG_WARN_OBJC_LITERAL_CONVERSION = YES;
				CLANG_WARN_OBJC_ROOT_CLASS = YES_ERROR;
				CLANG_WARN_QUOTED_INCLUDE_IN_FRAMEWORK_HEADER = YES;
				CLANG_WARN_RANGE_LOOP_ANALYSIS = YES;
				CLANG_WARN_STRICT_PROTOTYPES = YES;
				CLANG_WARN_SUSPICIOUS_MOVE = YES;
				CLANG_WARN_UNGUARDED_AVAILABILITY = YES_AGGRESSIVE;
				CLANG_WARN_UNREACHABLE_CODE = YES;
				CLANG_WARN__DUPLICATE_METHOD_MATCH = YES;
				COPY_PHASE_STRIP = NO;
				DEBUG_INFORMATION_FORMAT = dwarf;
				ENABLE_STRICT_OBJC_MSGSEND = YES;
				ENABLE_TESTABILITY = YES;
				ENABLE_USER_SCRIPT_SANDBOXING = YES;
				GCC_C_LANGUAGE_STANDARD = gnu17;
				GCC_DYNAMIC_NO_PIC = NO;
				GCC_NO_COMMON_BLOCKS = YES;
				GCC_OPTIMIZATION_LEVEL = 0;
				GCC_PREPROCESSOR_DEFINITIONS = (
					"DEBUG=1",
					"$(inherited)",
				);
				GCC_WARN_64_TO_32_BIT_CONVERSION = YES;
				GCC_WARN_ABOUT_RETURN_TYPE = YES_ERROR;
				GCC_WARN_UNDECLARED_SELECTOR = YES;
				GCC_WARN_UNINITIALIZED_AUTOS = YES_AGGRESSIVE;
				GCC_WARN_UNUSED_FUNCTION = YES;
				GCC_WARN_UNUSED_VARIABLE = YES;
				IPHONEOS_DEPLOYMENT_TARGET = 17.0;
				LOCALIZATION_PREFERS_STRING_CATALOGS = YES;
				MTL_ENABLE_DEBUG_INFO = INCLUDE_SOURCE;
				MTL_FAST_MATH = YES;
				ONLY_ACTIVE_ARCH = YES;
				SDKROOT = iphoneos;
				SWIFT_ACTIVE_COMPILATION_CONDITIONS = "DEBUG $(inherited)";
				SWIFT_OPTIMIZATION_LEVEL = "-Onone";
			};
			name = Debug;
		};
		A0AECAE52C9630300012191B /* Release */ = {
			isa = XCBuildConfiguration;
			buildSettings = {
				ALWAYS_SEARCH_USER_PATHS = NO;
				ASSETCATALOG_COMPILER_GENERATE_SWIFT_ASSET_SYMBOL_EXTENSIONS = YES;
				CLANG_ANALYZER_NONNULL = YES;
				CLANG_ANALYZER_NUMBER_OBJECT_CONVERSION = YES_AGGRESSIVE;
				CLANG_CXX_LANGUAGE_STANDARD = "gnu++20";
				CLANG_ENABLE_MODULES = YES;
				CLANG_ENABLE_OBJC_ARC = YES;
				CLANG_ENABLE_OBJC_WEAK = YES;
				CLANG_WARN_BLOCK_CAPTURE_AUTORELEASING = YES;
				CLANG_WARN_BOOL_CONVERSION = YES;
				CLANG_WARN_COMMA = YES;
				CLANG_WARN_CONSTANT_CONVERSION = YES;
				CLANG_WARN_DEPRECATED_OBJC_IMPLEMENTATIONS = YES;
				CLANG_WARN_DIRECT_OBJC_ISA_USAGE = YES_ERROR;
				CLANG_WARN_DOCUMENTATION_COMMENTS = YES;
				CLANG_WARN_EMPTY_BODY = YES;
				CLANG_WARN_ENUM_CONVERSION = YES;
				CLANG_WARN_INFINITE_RECURSION = YES;
				CLANG_WARN_INT_CONVERSION = YES;
				CLANG_WARN_NON_LITERAL_NULL_CONVERSION = YES;
				CLANG_WARN_OBJC_IMPLICIT_RETAIN_SELF = YES;
				CLANG_WARN_OBJC_LITERAL_CONVERSION = YES;
				CLANG_WARN_OBJC_ROOT_CLASS = YES_ERROR;
				CLANG_WARN_QUOTED_INCLUDE_IN_FRAMEWORK_HEADER = YES;
				CLANG_WARN_RANGE_LOOP_ANALYSIS = YES;
				CLANG_WARN_STRICT_PROTOTYPES = YES;
				CLANG_WARN_SUSPICIOUS_MOVE = YES;
				CLANG_WARN_UNGUARDED_AVAILABILITY = YES_AGGRESSIVE;
				CLANG_WARN_UNREACHABLE_CODE = YES;
				CLANG_WARN__DUPLICATE_METHOD_MATCH = YES;
				COPY_PHASE_STRIP = NO;
				DEBUG_INFORMATION_FORMAT = "dwarf-with-dsym";
				ENABLE_NS_ASSERTIONS = NO;
				ENABLE_STRICT_OBJC_MSGSEND = YES;
				ENABLE_USER_SCRIPT_SANDBOXING = YES;
				GCC_C_LANGUAGE_STANDARD = gnu17;
				GCC_NO_COMMON_BLOCKS = YES;
				GCC_WARN_64_TO_32_BIT_CONVERSION = YES;
				GCC_WARN_ABOUT_RETURN_TYPE = YES_ERROR;
				GCC_WARN_UNDECLARED_SELECTOR = YES;
				GCC_WARN_UNINITIALIZED_AUTOS = YES_AGGRESSIVE;
				GCC_WARN_UNUSED_FUNCTION = YES;
				GCC_WARN_UNUSED_VARIABLE = YES;
				IPHONEOS_DEPLOYMENT_TARGET = 17.0;
				LOCALIZATION_PREFERS_STRING_CATALOGS = YES;
				MTL_ENABLE_DEBUG_INFO = NO;
				MTL_FAST_MATH = YES;
				SDKROOT = iphoneos;
				SWIFT_COMPILATION_MODE = wholemodule;
				VALIDATE_PRODUCT = YES;
			};
			name = Release;
		};
		A0AECAE72C9630300012191B /* Debug */ = {
			isa = XCBuildConfiguration;
			buildSettings = {
				ASSETCATALOG_COMPILER_APPICON_NAME = AppIcon;
				ASSETCATALOG_COMPILER_GLOBAL_ACCENT_COLOR_NAME = AccentColor;
				CODE_SIGN_STYLE = Automatic;
				CURRENT_PROJECT_VERSION = 1;
				DEVELOPMENT_ASSET_PATHS = "\"MyAvion/Preview Content\"";
				DEVELOPMENT_TEAM = 2V9PJ4F97F;
				ENABLE_PREVIEWS = YES;
				GENERATE_INFOPLIST_FILE = YES;
				INFOPLIST_KEY_NSLocationWhenInUseUsageDescription = "This app needs your location";
				INFOPLIST_KEY_UIApplicationSceneManifest_Generation = YES;
				INFOPLIST_KEY_UIApplicationSupportsIndirectInputEvents = YES;
				INFOPLIST_KEY_UILaunchScreen_Generation = YES;
				INFOPLIST_KEY_UISupportedInterfaceOrientations_iPad = "UIInterfaceOrientationPortrait UIInterfaceOrientationPortraitUpsideDown UIInterfaceOrientationLandscapeLeft UIInterfaceOrientationLandscapeRight";
				INFOPLIST_KEY_UISupportedInterfaceOrientations_iPhone = "UIInterfaceOrientationPortrait UIInterfaceOrientationLandscapeLeft UIInterfaceOrientationLandscapeRight";
				IPHONEOS_DEPLOYMENT_TARGET = 17.5;
				LD_RUNPATH_SEARCH_PATHS = (
					"$(inherited)",
					"@executable_path/Frameworks",
				);
				MARKETING_VERSION = 1.0;
				PRODUCT_BUNDLE_IDENTIFIER = com.MatthewLow.MyAvion;
				PRODUCT_NAME = "$(TARGET_NAME)";
				SWIFT_EMIT_LOC_STRINGS = YES;
				SWIFT_VERSION = 5.0;
				TARGETED_DEVICE_FAMILY = "1,2";
			};
			name = Debug;
		};
		A0AECAE82C9630300012191B /* Release */ = {
			isa = XCBuildConfiguration;
			buildSettings = {
				ASSETCATALOG_COMPILER_APPICON_NAME = AppIcon;
				ASSETCATALOG_COMPILER_GLOBAL_ACCENT_COLOR_NAME = AccentColor;
				CODE_SIGN_STYLE = Automatic;
				CURRENT_PROJECT_VERSION = 1;
				DEVELOPMENT_ASSET_PATHS = "\"MyAvion/Preview Content\"";
				DEVELOPMENT_TEAM = 2V9PJ4F97F;
				ENABLE_PREVIEWS = YES;
				GENERATE_INFOPLIST_FILE = YES;
				INFOPLIST_KEY_NSLocationWhenInUseUsageDescription = "This app needs your location";
				INFOPLIST_KEY_UIApplicationSceneManifest_Generation = YES;
				INFOPLIST_KEY_UIApplicationSupportsIndirectInputEvents = YES;
				INFOPLIST_KEY_UILaunchScreen_Generation = YES;
				INFOPLIST_KEY_UISupportedInterfaceOrientations_iPad = "UIInterfaceOrientationPortrait UIInterfaceOrientationPortraitUpsideDown UIInterfaceOrientationLandscapeLeft UIInterfaceOrientationLandscapeRight";
				INFOPLIST_KEY_UISupportedInterfaceOrientations_iPhone = "UIInterfaceOrientationPortrait UIInterfaceOrientationLandscapeLeft UIInterfaceOrientationLandscapeRight";
				IPHONEOS_DEPLOYMENT_TARGET = 17.5;
				LD_RUNPATH_SEARCH_PATHS = (
					"$(inherited)",
					"@executable_path/Frameworks",
				);
				MARKETING_VERSION = 1.0;
				PRODUCT_BUNDLE_IDENTIFIER = com.MatthewLow.MyAvion;
				PRODUCT_NAME = "$(TARGET_NAME)";
				SWIFT_EMIT_LOC_STRINGS = YES;
				SWIFT_VERSION = 5.0;
				TARGETED_DEVICE_FAMILY = "1,2";
			};
			name = Release;
		};
		A0AECAEA2C9630300012191B /* Debug */ = {
			isa = XCBuildConfiguration;
			buildSettings = {
				ALWAYS_EMBED_SWIFT_STANDARD_LIBRARIES = YES;
				BUNDLE_LOADER = "$(TEST_HOST)";
				CODE_SIGN_STYLE = Automatic;
				CURRENT_PROJECT_VERSION = 1;
				DEVELOPMENT_TEAM = 2V9PJ4F97F;
				GENERATE_INFOPLIST_FILE = YES;
				IPHONEOS_DEPLOYMENT_TARGET = 17.5;
				MARKETING_VERSION = 1.0;
				PRODUCT_BUNDLE_IDENTIFIER = com.MatthewLow.MyAvionTests;
				PRODUCT_NAME = "$(TARGET_NAME)";
				SWIFT_EMIT_LOC_STRINGS = NO;
				SWIFT_VERSION = 5.0;
				TARGETED_DEVICE_FAMILY = "1,2";
				TEST_HOST = "$(BUILT_PRODUCTS_DIR)/MyAvion.app/$(BUNDLE_EXECUTABLE_FOLDER_PATH)/MyAvion";
			};
			name = Debug;
		};
		A0AECAEB2C9630300012191B /* Release */ = {
			isa = XCBuildConfiguration;
			buildSettings = {
				ALWAYS_EMBED_SWIFT_STANDARD_LIBRARIES = YES;
				BUNDLE_LOADER = "$(TEST_HOST)";
				CODE_SIGN_STYLE = Automatic;
				CURRENT_PROJECT_VERSION = 1;
				DEVELOPMENT_TEAM = 2V9PJ4F97F;
				GENERATE_INFOPLIST_FILE = YES;
				IPHONEOS_DEPLOYMENT_TARGET = 17.5;
				MARKETING_VERSION = 1.0;
				PRODUCT_BUNDLE_IDENTIFIER = com.MatthewLow.MyAvionTests;
				PRODUCT_NAME = "$(TARGET_NAME)";
				SWIFT_EMIT_LOC_STRINGS = NO;
				SWIFT_VERSION = 5.0;
				TARGETED_DEVICE_FAMILY = "1,2";
				TEST_HOST = "$(BUILT_PRODUCTS_DIR)/MyAvion.app/$(BUNDLE_EXECUTABLE_FOLDER_PATH)/MyAvion";
			};
			name = Release;
		};
		A0AECAED2C9630300012191B /* Debug */ = {
			isa = XCBuildConfiguration;
			buildSettings = {
				ALWAYS_EMBED_SWIFT_STANDARD_LIBRARIES = YES;
				CODE_SIGN_STYLE = Automatic;
				CURRENT_PROJECT_VERSION = 1;
				DEVELOPMENT_TEAM = 2V9PJ4F97F;
				GENERATE_INFOPLIST_FILE = YES;
				MARKETING_VERSION = 1.0;
				PRODUCT_BUNDLE_IDENTIFIER = com.MatthewLow.MyAvionUITests;
				PRODUCT_NAME = "$(TARGET_NAME)";
				SWIFT_EMIT_LOC_STRINGS = NO;
				SWIFT_VERSION = 5.0;
				TARGETED_DEVICE_FAMILY = "1,2";
				TEST_TARGET_NAME = MyAvion;
			};
			name = Debug;
		};
		A0AECAEE2C9630300012191B /* Release */ = {
			isa = XCBuildConfiguration;
			buildSettings = {
				ALWAYS_EMBED_SWIFT_STANDARD_LIBRARIES = YES;
				CODE_SIGN_STYLE = Automatic;
				CURRENT_PROJECT_VERSION = 1;
				DEVELOPMENT_TEAM = 2V9PJ4F97F;
				GENERATE_INFOPLIST_FILE = YES;
				MARKETING_VERSION = 1.0;
				PRODUCT_BUNDLE_IDENTIFIER = com.MatthewLow.MyAvionUITests;
				PRODUCT_NAME = "$(TARGET_NAME)";
				SWIFT_EMIT_LOC_STRINGS = NO;
				SWIFT_VERSION = 5.0;
				TARGETED_DEVICE_FAMILY = "1,2";
				TEST_TARGET_NAME = MyAvion;
			};
			name = Release;
		};
/* End XCBuildConfiguration section */

/* Begin XCConfigurationList section */
		A0AECABD2C96302F0012191B /* Build configuration list for PBXProject "MyAvion" */ = {
			isa = XCConfigurationList;
			buildConfigurations = (
				A0AECAE42C9630300012191B /* Debug */,
				A0AECAE52C9630300012191B /* Release */,
			);
			defaultConfigurationIsVisible = 0;
			defaultConfigurationName = Release;
		};
		A0AECAE62C9630300012191B /* Build configuration list for PBXNativeTarget "MyAvion" */ = {
			isa = XCConfigurationList;
			buildConfigurations = (
				A0AECAE72C9630300012191B /* Debug */,
				A0AECAE82C9630300012191B /* Release */,
			);
			defaultConfigurationIsVisible = 0;
			defaultConfigurationName = Release;
		};
		A0AECAE92C9630300012191B /* Build configuration list for PBXNativeTarget "MyAvionTests" */ = {
			isa = XCConfigurationList;
			buildConfigurations = (
				A0AECAEA2C9630300012191B /* Debug */,
				A0AECAEB2C9630300012191B /* Release */,
			);
			defaultConfigurationIsVisible = 0;
			defaultConfigurationName = Release;
		};
		A0AECAEC2C9630300012191B /* Build configuration list for PBXNativeTarget "MyAvionUITests" */ = {
			isa = XCConfigurationList;
			buildConfigurations = (
				A0AECAED2C9630300012191B /* Debug */,
				A0AECAEE2C9630300012191B /* Release */,
			);
			defaultConfigurationIsVisible = 0;
			defaultConfigurationName = Release;
		};
/* End XCConfigurationList section */

/* Begin XCRemoteSwiftPackageReference section */
		A0AECB052C964C090012191B /* XCRemoteSwiftPackageReference "firebase-ios-sdk" */ = {
			isa = XCRemoteSwiftPackageReference;
			repositoryURL = "https://github.com/firebase/firebase-ios-sdk";
			requirement = {
				kind = upToNextMajorVersion;
				minimumVersion = 11.2.0;
			};
		};
/* End XCRemoteSwiftPackageReference section */

/* Begin XCSwiftPackageProductDependency section */
		A0AECB062C964C090012191B /* FirebaseAppCheck */ = {
			isa = XCSwiftPackageProductDependency;
			package = A0AECB052C964C090012191B /* XCRemoteSwiftPackageReference "firebase-ios-sdk" */;
			productName = FirebaseAppCheck;
		};
		A0AECB082C964C090012191B /* FirebaseAuth */ = {
			isa = XCSwiftPackageProductDependency;
			package = A0AECB052C964C090012191B /* XCRemoteSwiftPackageReference "firebase-ios-sdk" */;
			productName = FirebaseAuth;
		};
		A0AECB0A2C964C090012191B /* FirebaseFirestore */ = {
			isa = XCSwiftPackageProductDependency;
			package = A0AECB052C964C090012191B /* XCRemoteSwiftPackageReference "firebase-ios-sdk" */;
			productName = FirebaseFirestore;
		};
		A0AECB0C2C964C090012191B /* FirebaseFirestoreCombine-Community */ = {
			isa = XCSwiftPackageProductDependency;
			package = A0AECB052C964C090012191B /* XCRemoteSwiftPackageReference "firebase-ios-sdk" */;
			productName = "FirebaseFirestoreCombine-Community";
		};
/* End XCSwiftPackageProductDependency section */
	};
	rootObject = A0AECABA2C96302F0012191B /* Project object */;
}
